{
  "name": "meta-web-three",
  "version": "1.0.2-20230225",
  "lockfileVersion": 2,
  "requires": true,
  "packages": {
    "": {
      "name": "meta-web-three",
      "version": "1.0.2-20230225",
      "license": "UNLICENSED",
      "dependencies": {
        "caniuse-lite": "^1.0.30001519"
      }
    },
    "node_modules/caniuse-lite": {
      "version": "1.0.30001519",
      "resolved": "https://registry.npmmirror.com/caniuse-lite/-/caniuse-lite-1.0.30001519.tgz",
      "integrity": "sha512-0QHgqR+Jv4bxHMp8kZ1Kn8CH55OikjKJ6JmKkZYP1F3D7w+lnFXF70nG5eNfsZS89jadi5Ywy5UCSKLAglIRkg=="
    }
  },
  "dependencies": {
    "caniuse-lite": {
      "version": "1.0.30001519",
      "resolved": "https://registry.npmmirror.com/caniuse-lite/-/caniuse-lite-1.0.30001519.tgz",
      "integrity": "sha512-0QHgqR+Jv4bxHMp8kZ1Kn8CH55OikjKJ6JmKkZYP1F3D7w+lnFXF70nG5eNfsZS89jadi5Ywy5UCSKLAglIRkg=="
    }
  }
}
