# THIS IS AN AUTOGENERATED FILE. DO NOT EDIT THIS FILE DIRECTLY.
# yarn lockfile v1


caniuse-lite@^1.0.30001519:
  version "1.0.30001594"
  resolved "https://registry.npmmirror.com/caniuse-lite/-/caniuse-lite-1.0.30001594.tgz#bea552414cd52c2d0c985ed9206314a696e685f5"
  integrity sha512-VblSX6nYqyJVs8DKFMldE2IVCJjZ225LW00ydtUWwh5hk9IfkTOffO6r8gJNsH0qqqeAF8KrbMYA2VEwTlGW5g==
